{
  "name": "imbot",
  "version": "0.1.0",
  "lockfileVersion": 3,
  "requires": true,
  "packages": {
    "": {
      "name": "imbot",
      "version": "0.1.0",
      "workspaces": [
        "packages/relay",
        "packages/companion",
        "packages/wire"
      ],
      "devDependencies": {
        "typescript": "^5.8.3"
      },
      "engines": {
        "node": ">=22",
        "npm": ">=10"
      }
    },
    "node_modules/@imbot/companion": {
      "resolved": "packages/companion",
      "link": true
    },
    "node_modules/@imbot/relay": {
      "resolved": "packages/relay",
      "link": true
    },
    "node_modules/@imbot/wire": {
      "resolved": "packages/wire",
      "link": true
    },
    "node_modules/typescript": {
      "version": "5.9.3",
      "resolved": "https://registry.npmjs.org/typescript/-/typescript-5.9.3.tgz",
      "integrity": "sha512-jl1vZzPDinLr9eUt3J/t7V6FgNEw9QjvBPdysz9KfQDD41fQrC2Y4vKQdiaUpFT4bXlb1RHhLpp8wtm6M5TgSw==",
      "dev": true,
      "license": "Apache-2.0",
      "bin": {
        "tsc": "bin/tsc",
        "tsserver": "bin/tsserver"
      },
      "engines": {
        "node": ">=14.17"
      }
    },
    "packages/companion": {
      "name": "@imbot/companion",
      "version": "0.1.0",
      "dependencies": {
        "@imbot/wire": "0.1.0"
      }
    },
    "packages/relay": {
      "name": "@imbot/relay",
      "version": "0.1.0",
      "dependencies": {
        "@imbot/wire": "0.1.0"
      }
    },
    "packages/wire": {
      "name": "@imbot/wire",
      "version": "0.1.0"
    }
  }
}
